
Microsoft Visual Studio Solution File, Format Version 12.00
# Visual Studio Version 17
VisualStudioVersion = 17.10.35013.160
MinimumVisualStudioVersion = 10.0.40219.1
Project("{2150E333-8FDC-42A3-9474-1A3956D46DE8}") = "BuildingBlocks", "BuildingBlocks", "{D39AE00B-89EE-4124-BD5F-1A8723336B5A}"
EndProject
Project("{2150E333-8FDC-42A3-9474-1A3956D46DE8}") = "Gateway", "Gateway", "{4C933626-7783-4F1D-B07E-8AE6B52F1B1D}"
EndProject
Project("{2150E333-8FDC-42A3-9474-1A3956D46DE8}") = "Services", "Services", "{9496A6C4-36C9-4D64-916F-475E8C47F0F2}"
EndProject
Project("{2150E333-8FDC-42A3-9474-1A3956D46DE8}") = "Tests", "Tests", "{FFAC67C8-9F5F-466E-B494-48C89139A0AD}"
EndProject
Project("{2150E333-8FDC-42A3-9474-1A3956D46DE8}") = "Person", "Person", "{E6455A26-539C-4AA7-B44B-A033B86F9E04}"
EndProject
Project("{2150E333-8FDC-42A3-9474-1A3956D46DE8}") = "Address", "Address", "{83427599-CE09-4DD4-A330-6CEA1A68F4E2}"
EndProject
Project("{9A19103F-16F7-4668-BE54-9A1E7A4F7556}") = "GraphQL.Person.API", "Services\Person\GraphQL.Person.API\GraphQL.Person.API.csproj", "{87C22999-7FB6-4638-9E37-6E76D6BC14DF}"
EndProject
Project("{9A19103F-16F7-4668-BE54-9A1E7A4F7556}") = "GraphQL.Person.Application", "Services\Person\GraphQL.Person.Application\GraphQL.Person.Application.csproj", "{39FAFED6-6D64-4DA7-83EF-3FFB869C3C2B}"
EndProject
Project("{9A19103F-16F7-4668-BE54-9A1E7A4F7556}") = "GraphQL.Person.Domain", "Services\Person\GraphQL.Person.Domain\GraphQL.Person.Domain.csproj", "{F997270D-2231-4787-80C5-4E1296CC0E2C}"
EndProject
Project("{9A19103F-16F7-4668-BE54-9A1E7A4F7556}") = "GraphQL.Person.Infrastructure", "Services\Person\GraphQL.Person.Infrastructure\GraphQL.Person.Infrastructure.csproj", "{D9F10072-1843-4328-B56C-B8E6AC0B2E0F}"
EndProject
Project("{9A19103F-16F7-4668-BE54-9A1E7A4F7556}") = "GraphQL.EventBus.Messages", "BuildingBlocks\GraphQL.EventBus.Messages\GraphQL.EventBus.Messages.csproj", "{F51240A8-4A6B-41DE-92C8-730CC7F98B2D}"
EndProject
Project("{2150E333-8FDC-42A3-9474-1A3956D46DE8}") = "Address", "Address", "{C26BE66B-CF80-4045-A0D6-D6255FBC3723}"
EndProject
Project("{2150E333-8FDC-42A3-9474-1A3956D46DE8}") = "Common", "Common", "{59686889-6C28-4036-B975-C7EB23A0CB09}"
EndProject
Project("{2150E333-8FDC-42A3-9474-1A3956D46DE8}") = "Person", "Person", "{FAF06AF1-9139-4E80-BAE3-7018239E6AAA}"
EndProject
Project("{FAE04EC0-301F-11D3-BF4B-00C04F79EFBC}") = "GraphQL.Prototype.Tests.Data", "Tests\Common\GraphQL.Prototype.Tests.Data\GraphQL.Prototype.Tests.Data.csproj", "{1ACFBA09-35BA-4E80-BF83-0A07651951D8}"
EndProject
Project("{FAE04EC0-301F-11D3-BF4B-00C04F79EFBC}") = "GraphQL.Person.API.Tests", "Tests\Person\GraphQL.Person.API.Tests\GraphQL.Person.API.Tests.csproj", "{A0C72F52-D5CF-4C11-A988-B052EE2B475E}"
EndProject
Project("{FAE04EC0-301F-11D3-BF4B-00C04F79EFBC}") = "GraphQL.Person.Application.Tests", "Tests\Person\GraphQL.Person.Application.Tests\GraphQL.Person.Application.Tests.csproj", "{8CA87858-9081-4C25-A208-36937143A83D}"
EndProject
Project("{FAE04EC0-301F-11D3-BF4B-00C04F79EFBC}") = "GraphQL.Person.Domain.Tests", "Tests\Person\GraphQL.Person.Domain.Tests\GraphQL.Person.Domain.Tests.csproj", "{917DD689-BB0A-4588-A55C-2251B939A3ED}"
EndProject
Project("{FAE04EC0-301F-11D3-BF4B-00C04F79EFBC}") = "GraphQL.Person.Infrastructure.Tests", "Tests\Person\GraphQL.Person.Infrastructure.Tests\GraphQL.Person.Infrastructure.Tests.csproj", "{D45542A2-DEEA-4EAA-9CF0-57B64AFC0E41}"
EndProject
Project("{FAE04EC0-301F-11D3-BF4B-00C04F79EFBC}") = "GraphQL.Address.API", "Services\Address\GraphQL.Address.API\GraphQL.Address.API.csproj", "{B82F146E-4E58-4C64-860E-A88E5E9C408C}"
EndProject
Project("{FAE04EC0-301F-11D3-BF4B-00C04F79EFBC}") = "GraphQL.Address.Application", "Services\Address\GraphQL.Address.Application\GraphQL.Address.Application.csproj", "{91DB1578-6808-4595-B62D-EAF2F358842D}"
EndProject
Project("{FAE04EC0-301F-11D3-BF4B-00C04F79EFBC}") = "GraphQL.Address.Domain", "Services\Address\GraphQL.Address.Domain\GraphQL.Address.Domain.csproj", "{7BE5DAF2-E4FC-4D5F-9CF2-DFB01D92BF14}"
EndProject
Project("{FAE04EC0-301F-11D3-BF4B-00C04F79EFBC}") = "GraphQL.Address.Infrastructure", "Services\Address\GraphQL.Address.Infrastructure\GraphQL.Address.Infrastructure.csproj", "{9B9DB208-3578-4843-81A8-4F011AA9FC67}"
EndProject
Project("{FAE04EC0-301F-11D3-BF4B-00C04F79EFBC}") = "GraphQL.Address.API.Tests", "Tests\Address\GraphQL.Address.API.Tests\GraphQL.Address.API.Tests.csproj", "{9A8FE21F-6DAF-44CC-88BD-9721D83A28AC}"
EndProject
Project("{FAE04EC0-301F-11D3-BF4B-00C04F79EFBC}") = "GraphQL.Address.Application.Tests", "Tests\Address\GraphQL.Address.Application.Tests\GraphQL.Address.Application.Tests.csproj", "{B43044F6-EAD8-4412-85A4-A759E9ABD912}"
EndProject
Project("{FAE04EC0-301F-11D3-BF4B-00C04F79EFBC}") = "GraphQL.Address.Domain.Tests", "Tests\Address\GraphQL.Address.Domain.Tests\GraphQL.Address.Domain.Tests.csproj", "{FD1C6CD3-DA57-443B-8027-A477166C91D3}"
EndProject
Project("{FAE04EC0-301F-11D3-BF4B-00C04F79EFBC}") = "GraphQL.Address.Infrastructure.Tests", "Tests\Address\GraphQL.Address.Infrastructure.Tests\GraphQL.Address.Infrastructure.Tests.csproj", "{A6CEEEB8-0EFF-4B17-943D-36AA9B42EE02}"
EndProject
Project("{FAE04EC0-301F-11D3-BF4B-00C04F79EFBC}") = "GraphQL.Prototype.Gateway", "Gateway\GraphQL.Prototype.Gateway\GraphQL.Prototype.Gateway.csproj", "{33BF3EA4-7A29-4C99-9440-601AA1925D44}"
EndProject
Project("{2150E333-8FDC-42A3-9474-1A3956D46DE8}") = "Containerization", "Containerization", "{A58B8839-3F19-4C03-A510-2719A2F3F5DE}"
	ProjectSection(SolutionItems) = preProject
		.dockerignore = .dockerignore
		docker-compose.override.yml = docker-compose.override.yml
		docker-compose.yml = docker-compose.yml
	EndProjectSection
EndProject
Global
	GlobalSection(SolutionConfigurationPlatforms) = preSolution
		Debug|Any CPU = Debug|Any CPU
		Release|Any CPU = Release|Any CPU
	EndGlobalSection
	GlobalSection(ProjectConfigurationPlatforms) = postSolution
		{87C22999-7FB6-4638-9E37-6E76D6BC14DF}.Debug|Any CPU.ActiveCfg = Debug|Any CPU
		{87C22999-7FB6-4638-9E37-6E76D6BC14DF}.Debug|Any CPU.Build.0 = Debug|Any CPU
		{87C22999-7FB6-4638-9E37-6E76D6BC14DF}.Release|Any CPU.ActiveCfg = Release|Any CPU
		{87C22999-7FB6-4638-9E37-6E76D6BC14DF}.Release|Any CPU.Build.0 = Release|Any CPU
		{39FAFED6-6D64-4DA7-83EF-3FFB869C3C2B}.Debug|Any CPU.ActiveCfg = Debug|Any CPU
		{39FAFED6-6D64-4DA7-83EF-3FFB869C3C2B}.Debug|Any CPU.Build.0 = Debug|Any CPU
		{39FAFED6-6D64-4DA7-83EF-3FFB869C3C2B}.Release|Any CPU.ActiveCfg = Release|Any CPU
		{39FAFED6-6D64-4DA7-83EF-3FFB869C3C2B}.Release|Any CPU.Build.0 = Release|Any CPU
		{F997270D-2231-4787-80C5-4E1296CC0E2C}.Debug|Any CPU.ActiveCfg = Debug|Any CPU
		{F997270D-2231-4787-80C5-4E1296CC0E2C}.Debug|Any CPU.Build.0 = Debug|Any CPU
		{F997270D-2231-4787-80C5-4E1296CC0E2C}.Release|Any CPU.ActiveCfg = Release|Any CPU
		{F997270D-2231-4787-80C5-4E1296CC0E2C}.Release|Any CPU.Build.0 = Release|Any CPU
		{D9F10072-1843-4328-B56C-B8E6AC0B2E0F}.Debug|Any CPU.ActiveCfg = Debug|Any CPU
		{D9F10072-1843-4328-B56C-B8E6AC0B2E0F}.Debug|Any CPU.Build.0 = Debug|Any CPU
		{D9F10072-1843-4328-B56C-B8E6AC0B2E0F}.Release|Any CPU.ActiveCfg = Release|Any CPU
		{D9F10072-1843-4328-B56C-B8E6AC0B2E0F}.Release|Any CPU.Build.0 = Release|Any CPU
		{F51240A8-4A6B-41DE-92C8-730CC7F98B2D}.Debug|Any CPU.ActiveCfg = Debug|Any CPU
		{F51240A8-4A6B-41DE-92C8-730CC7F98B2D}.Debug|Any CPU.Build.0 = Debug|Any CPU
		{F51240A8-4A6B-41DE-92C8-730CC7F98B2D}.Release|Any CPU.ActiveCfg = Release|Any CPU
		{F51240A8-4A6B-41DE-92C8-730CC7F98B2D}.Release|Any CPU.Build.0 = Release|Any CPU
		{1ACFBA09-35BA-4E80-BF83-0A07651951D8}.Debug|Any CPU.ActiveCfg = Debug|Any CPU
		{1ACFBA09-35BA-4E80-BF83-0A07651951D8}.Debug|Any CPU.Build.0 = Debug|Any CPU
		{1ACFBA09-35BA-4E80-BF83-0A07651951D8}.Release|Any CPU.ActiveCfg = Release|Any CPU
		{1ACFBA09-35BA-4E80-BF83-0A07651951D8}.Release|Any CPU.Build.0 = Release|Any CPU
		{A0C72F52-D5CF-4C11-A988-B052EE2B475E}.Debug|Any CPU.ActiveCfg = Debug|Any CPU
		{A0C72F52-D5CF-4C11-A988-B052EE2B475E}.Debug|Any CPU.Build.0 = Debug|Any CPU
		{A0C72F52-D5CF-4C11-A988-B052EE2B475E}.Release|Any CPU.ActiveCfg = Release|Any CPU
		{A0C72F52-D5CF-4C11-A988-B052EE2B475E}.Release|Any CPU.Build.0 = Release|Any CPU
		{8CA87858-9081-4C25-A208-36937143A83D}.Debug|Any CPU.ActiveCfg = Debug|Any CPU
		{8CA87858-9081-4C25-A208-36937143A83D}.Debug|Any CPU.Build.0 = Debug|Any CPU
		{8CA87858-9081-4C25-A208-36937143A83D}.Release|Any CPU.ActiveCfg = Release|Any CPU
		{8CA87858-9081-4C25-A208-36937143A83D}.Release|Any CPU.Build.0 = Release|Any CPU
		{917DD689-BB0A-4588-A55C-2251B939A3ED}.Debug|Any CPU.ActiveCfg = Debug|Any CPU
		{917DD689-BB0A-4588-A55C-2251B939A3ED}.Debug|Any CPU.Build.0 = Debug|Any CPU
		{917DD689-BB0A-4588-A55C-2251B939A3ED}.Release|Any CPU.ActiveCfg = Release|Any CPU
		{917DD689-BB0A-4588-A55C-2251B939A3ED}.Release|Any CPU.Build.0 = Release|Any CPU
		{D45542A2-DEEA-4EAA-9CF0-57B64AFC0E41}.Debug|Any CPU.ActiveCfg = Debug|Any CPU
		{D45542A2-DEEA-4EAA-9CF0-57B64AFC0E41}.Debug|Any CPU.Build.0 = Debug|Any CPU
		{D45542A2-DEEA-4EAA-9CF0-57B64AFC0E41}.Release|Any CPU.ActiveCfg = Release|Any CPU
		{D45542A2-DEEA-4EAA-9CF0-57B64AFC0E41}.Release|Any CPU.Build.0 = Release|Any CPU
		{B82F146E-4E58-4C64-860E-A88E5E9C408C}.Debug|Any CPU.ActiveCfg = Debug|Any CPU
		{B82F146E-4E58-4C64-860E-A88E5E9C408C}.Debug|Any CPU.Build.0 = Debug|Any CPU
		{B82F146E-4E58-4C64-860E-A88E5E9C408C}.Release|Any CPU.ActiveCfg = Release|Any CPU
		{B82F146E-4E58-4C64-860E-A88E5E9C408C}.Release|Any CPU.Build.0 = Release|Any CPU
		{91DB1578-6808-4595-B62D-EAF2F358842D}.Debug|Any CPU.ActiveCfg = Debug|Any CPU
		{91DB1578-6808-4595-B62D-EAF2F358842D}.Debug|Any CPU.Build.0 = Debug|Any CPU
		{91DB1578-6808-4595-B62D-EAF2F358842D}.Release|Any CPU.ActiveCfg = Release|Any CPU
		{91DB1578-6808-4595-B62D-EAF2F358842D}.Release|Any CPU.Build.0 = Release|Any CPU
		{7BE5DAF2-E4FC-4D5F-9CF2-DFB01D92BF14}.Debug|Any CPU.ActiveCfg = Debug|Any CPU
		{7BE5DAF2-E4FC-4D5F-9CF2-DFB01D92BF14}.Debug|Any CPU.Build.0 = Debug|Any CPU
		{7BE5DAF2-E4FC-4D5F-9CF2-DFB01D92BF14}.Release|Any CPU.ActiveCfg = Release|Any CPU
		{7BE5DAF2-E4FC-4D5F-9CF2-DFB01D92BF14}.Release|Any CPU.Build.0 = Release|Any CPU
		{9B9DB208-3578-4843-81A8-4F011AA9FC67}.Debug|Any CPU.ActiveCfg = Debug|Any CPU
		{9B9DB208-3578-4843-81A8-4F011AA9FC67}.Debug|Any CPU.Build.0 = Debug|Any CPU
		{9B9DB208-3578-4843-81A8-4F011AA9FC67}.Release|Any CPU.ActiveCfg = Release|Any CPU
		{9B9DB208-3578-4843-81A8-4F011AA9FC67}.Release|Any CPU.Build.0 = Release|Any CPU
		{9A8FE21F-6DAF-44CC-88BD-9721D83A28AC}.Debug|Any CPU.ActiveCfg = Debug|Any CPU
		{9A8FE21F-6DAF-44CC-88BD-9721D83A28AC}.Debug|Any CPU.Build.0 = Debug|Any CPU
		{9A8FE21F-6DAF-44CC-88BD-9721D83A28AC}.Release|Any CPU.ActiveCfg = Release|Any CPU
		{9A8FE21F-6DAF-44CC-88BD-9721D83A28AC}.Release|Any CPU.Build.0 = Release|Any CPU
		{B43044F6-EAD8-4412-85A4-A759E9ABD912}.Debug|Any CPU.ActiveCfg = Debug|Any CPU
		{B43044F6-EAD8-4412-85A4-A759E9ABD912}.Debug|Any CPU.Build.0 = Debug|Any CPU
		{B43044F6-EAD8-4412-85A4-A759E9ABD912}.Release|Any CPU.ActiveCfg = Release|Any CPU
		{B43044F6-EAD8-4412-85A4-A759E9ABD912}.Release|Any CPU.Build.0 = Release|Any CPU
		{FD1C6CD3-DA57-443B-8027-A477166C91D3}.Debug|Any CPU.ActiveCfg = Debug|Any CPU
		{FD1C6CD3-DA57-443B-8027-A477166C91D3}.Debug|Any CPU.Build.0 = Debug|Any CPU
		{FD1C6CD3-DA57-443B-8027-A477166C91D3}.Release|Any CPU.ActiveCfg = Release|Any CPU
		{FD1C6CD3-DA57-443B-8027-A477166C91D3}.Release|Any CPU.Build.0 = Release|Any CPU
		{A6CEEEB8-0EFF-4B17-943D-36AA9B42EE02}.Debug|Any CPU.ActiveCfg = Debug|Any CPU
		{A6CEEEB8-0EFF-4B17-943D-36AA9B42EE02}.Debug|Any CPU.Build.0 = Debug|Any CPU
		{A6CEEEB8-0EFF-4B17-943D-36AA9B42EE02}.Release|Any CPU.ActiveCfg = Release|Any CPU
		{A6CEEEB8-0EFF-4B17-943D-36AA9B42EE02}.Release|Any CPU.Build.0 = Release|Any CPU
		{33BF3EA4-7A29-4C99-9440-601AA1925D44}.Debug|Any CPU.ActiveCfg = Debug|Any CPU
		{33BF3EA4-7A29-4C99-9440-601AA1925D44}.Debug|Any CPU.Build.0 = Debug|Any CPU
		{33BF3EA4-7A29-4C99-9440-601AA1925D44}.Release|Any CPU.ActiveCfg = Release|Any CPU
		{33BF3EA4-7A29-4C99-9440-601AA1925D44}.Release|Any CPU.Build.0 = Release|Any CPU
	EndGlobalSection
	GlobalSection(SolutionProperties) = preSolution
		HideSolutionNode = FALSE
	EndGlobalSection
	GlobalSection(NestedProjects) = preSolution
		{E6455A26-539C-4AA7-B44B-A033B86F9E04} = {9496A6C4-36C9-4D64-916F-475E8C47F0F2}
		{83427599-CE09-4DD4-A330-6CEA1A68F4E2} = {9496A6C4-36C9-4D64-916F-475E8C47F0F2}
		{87C22999-7FB6-4638-9E37-6E76D6BC14DF} = {E6455A26-539C-4AA7-B44B-A033B86F9E04}
		{39FAFED6-6D64-4DA7-83EF-3FFB869C3C2B} = {E6455A26-539C-4AA7-B44B-A033B86F9E04}
		{F997270D-2231-4787-80C5-4E1296CC0E2C} = {E6455A26-539C-4AA7-B44B-A033B86F9E04}
		{D9F10072-1843-4328-B56C-B8E6AC0B2E0F} = {E6455A26-539C-4AA7-B44B-A033B86F9E04}
		{F51240A8-4A6B-41DE-92C8-730CC7F98B2D} = {D39AE00B-89EE-4124-BD5F-1A8723336B5A}
		{C26BE66B-CF80-4045-A0D6-D6255FBC3723} = {FFAC67C8-9F5F-466E-B494-48C89139A0AD}
		{59686889-6C28-4036-B975-C7EB23A0CB09} = {FFAC67C8-9F5F-466E-B494-48C89139A0AD}
		{FAF06AF1-9139-4E80-BAE3-7018239E6AAA} = {FFAC67C8-9F5F-466E-B494-48C89139A0AD}
		{1ACFBA09-35BA-4E80-BF83-0A07651951D8} = {59686889-6C28-4036-B975-C7EB23A0CB09}
		{A0C72F52-D5CF-4C11-A988-B052EE2B475E} = {FAF06AF1-9139-4E80-BAE3-7018239E6AAA}
		{8CA87858-9081-4C25-A208-36937143A83D} = {FAF06AF1-9139-4E80-BAE3-7018239E6AAA}
		{917DD689-BB0A-4588-A55C-2251B939A3ED} = {FAF06AF1-9139-4E80-BAE3-7018239E6AAA}
		{D45542A2-DEEA-4EAA-9CF0-57B64AFC0E41} = {FAF06AF1-9139-4E80-BAE3-7018239E6AAA}
		{B82F146E-4E58-4C64-860E-A88E5E9C408C} = {83427599-CE09-4DD4-A330-6CEA1A68F4E2}
		{91DB1578-6808-4595-B62D-EAF2F358842D} = {83427599-CE09-4DD4-A330-6CEA1A68F4E2}
		{7BE5DAF2-E4FC-4D5F-9CF2-DFB01D92BF14} = {83427599-CE09-4DD4-A330-6CEA1A68F4E2}
		{9B9DB208-3578-4843-81A8-4F011AA9FC67} = {83427599-CE09-4DD4-A330-6CEA1A68F4E2}
		{9A8FE21F-6DAF-44CC-88BD-9721D83A28AC} = {C26BE66B-CF80-4045-A0D6-D6255FBC3723}
		{B43044F6-EAD8-4412-85A4-A759E9ABD912} = {C26BE66B-CF80-4045-A0D6-D6255FBC3723}
		{FD1C6CD3-DA57-443B-8027-A477166C91D3} = {C26BE66B-CF80-4045-A0D6-D6255FBC3723}
		{A6CEEEB8-0EFF-4B17-943D-36AA9B42EE02} = {C26BE66B-CF80-4045-A0D6-D6255FBC3723}
		{33BF3EA4-7A29-4C99-9440-601AA1925D44} = {4C933626-7783-4F1D-B07E-8AE6B52F1B1D}
	EndGlobalSection
	GlobalSection(ExtensibilityGlobals) = postSolution
		SolutionGuid = {110E8183-3C0B-48ED-84FB-D688DD3A3CED}
	EndGlobalSection
EndGlobal
